# THIS IS AN AUTOGENERATED FILE. DO NOT EDIT THIS FILE DIRECTLY.
# yarn lockfile v1


"@types/classnames@^2.2.9":
  version "2.2.9"
  resolved "https://registry.npmjs.org/@types/classnames/-/classnames-2.2.9.tgz#d868b6febb02666330410fe7f58f3c4b8258be7b"

classnames@^2.2.6:
  version "2.2.6"
  resolved "https://registry.npmjs.org/classnames/-/classnames-2.2.6.tgz#43935bffdd291f326dad0a205309b38d00f650ce"
